Microsoft Visual Studio Solution File, Format Version 12.00
# Visual Studio 2012
Project("{FAE04EC0-301F-11D3-BF4B-00C04F79EFBC}") = "Mono.Data.Sqlite.Orm", "Mono.Data.Sqlite.Orm\Mono.Data.Sqlite.Orm.csproj", "{E38C051E-889E-485B-B685-C692D2861E7B}"
EndProject
Project("{FAE04EC0-301F-11D3-BF4B-00C04F79EFBC}") = "Mono.Data.Sqlite.Orm.WindowsPhone", "Mono.Data.Sqlite.Orm.WindowsPhone\Mono.Data.Sqlite.Orm.WindowsPhone.csproj", "{0170CF92-AE0D-4B27-A25D-9320E10067A2}"
EndProject
Project("{FAE04EC0-301F-11D3-BF4B-00C04F79EFBC}") = "Mono.Data.Sqlite.Orm.Metro", "Mono.Data.Sqlite.Orm.Metro\Mono.Data.Sqlite.Orm.Metro.csproj", "{B76E23CF-7FCB-4489-AE62-466F5E2D6579}"
EndProject
Project("{FAE04EC0-301F-11D3-BF4B-00C04F79EFBC}") = "Mono.Data.Sqlite.Orm.Android", "Mono.Data.Sqlite.Orm.Android\Mono.Data.Sqlite.Orm.Android.csproj", "{3F285DAA-04E6-4950-944C-4EEB696E7AD8}"
EndProject
Project("{FAE04EC0-301F-11D3-BF4B-00C04F79EFBC}") = "Mono.Data.Sqlite.Orm.Silverlight", "Mono.Data.Sqlite.Orm.Silverlight\Mono.Data.Sqlite.Orm.Silverlight.csproj", "{BDE6E6EB-EB99-434B-84DB-ED243EC2BDC8}"
EndProject
Project("{7CF6DF6D-3B04-46F8-A40B-537D21BCA0B4}") = "Documentation", "Documentation\Documentation.shfbproj", "{2DB682BD-B45D-41E9-81E7-4044C616F2FE}"
EndProject
Project("{2150E333-8FDC-42A3-9474-1A3956D46DE8}") = "Documentation", "Documentation", "{A8E7233C-3CB0-4ADB-930C-29A102215E80}"
	ProjectSection(SolutionItems) = preProject
		readme.mdown = readme.mdown
	EndProjectSection
EndProject
Project("{FAE04EC0-301F-11D3-BF4B-00C04F79EFBC}") = "Mono.Data.Sqlite.Orm.Test.Metro", "Mono.Data.Sqlite.Orm.Test.Metro\Mono.Data.Sqlite.Orm.Test.Metro.csproj", "{65CB694A-1859-4ADE-B5B0-7F9062B67BED}"
EndProject
Project("{2150E333-8FDC-42A3-9474-1A3956D46DE8}") = "Metro", "Metro", "{00637B4C-572A-422D-96B8-D947DA5244DA}"
EndProject
Project("{2150E333-8FDC-42A3-9474-1A3956D46DE8}") = "Silverlight", "Silverlight", "{FF6B04C0-4E6D-4E8F-AF4A-6C67EC0E9FB0}"
EndProject
Project("{2150E333-8FDC-42A3-9474-1A3956D46DE8}") = "NetFx", "NetFx", "{E4D33A45-5A3F-43C9-BE82-859FEB0D1545}"
EndProject
Project("{2150E333-8FDC-42A3-9474-1A3956D46DE8}") = "Android", "Android", "{B558A3B9-8F64-49CB-850A-5BA250A22F33}"
EndProject
Project("{2150E333-8FDC-42A3-9474-1A3956D46DE8}") = "Windows Phone 7", "Windows Phone 7", "{400AF217-269A-4EA4-9BB9-A019AEAF8407}"
EndProject
Project("{FAE04EC0-301F-11D3-BF4B-00C04F79EFBC}") = "Mono.Data.Sqlite.Orm.Tests.WindowsPhone", "Mono.Data.Sqlite.Orm.Tests.WindowsPhone\Mono.Data.Sqlite.Orm.Tests.WindowsPhone.csproj", "{A93D6CFB-A618-4AA6-BDDE-AA8EF2BFE83B}"
EndProject
Project("{FAE04EC0-301F-11D3-BF4B-00C04F79EFBC}") = "Mono.Data.Sqlite.Orm.Tests.Silverlight", "Mono.Data.Sqlite.Orm.Tests.Silverlight\Mono.Data.Sqlite.Orm.Tests.Silverlight.csproj", "{0C997849-0358-4497-8FA0-4F9075EEF0CC}"
EndProject
Project("{2150E333-8FDC-42A3-9474-1A3956D46DE8}") = "Shared", "Shared", "{FD00EBB5-9601-4194-BE83-C14F31DC5BFE}"
EndProject
Project("{FAE04EC0-301F-11D3-BF4B-00C04F79EFBC}") = "Mono.Data.Sqlite.Orm.Shared", "Mono.Data.Sqlite.Orm.Shared\Mono.Data.Sqlite.Orm.Shared.csproj", "{99ADA565-42CA-418D-BD85-6246FFA9A20E}"
EndProject
Project("{FAE04EC0-301F-11D3-BF4B-00C04F79EFBC}") = "Mono.Data.Sqlite.Orm.Async", "Mono.Data.Sqlite.Orm.Async\Mono.Data.Sqlite.Orm.Async.csproj", "{B8405176-F5D9-4C7B-9207-99EABCA3C444}"
EndProject
Project("{FAE04EC0-301F-11D3-BF4B-00C04F79EFBC}") = "Mono.Data.Sqlite.Orm.Tests", "Mono.Data.Sqlite.Orm.Tests\Mono.Data.Sqlite.Orm.Tests.csproj", "{0C8B0D6D-B9B7-4706-8EF2-B9543B7E78CE}"
EndProject
Project("{FAE04EC0-301F-11D3-BF4B-00C04F79EFBC}") = "Mono.Data.Sqlite.Orm.Async.Silverlight", "Mono.Data.Sqlite.Orm.Async.Silverlight\Mono.Data.Sqlite.Orm.Async.Silverlight.csproj", "{A31C1208-3FA6-46AE-95E3-5279B66F87DA}"
EndProject
Project("{FAE04EC0-301F-11D3-BF4B-00C04F79EFBC}") = "Mono.Data.Sqlite.Orm.Async.Metro", "Mono.Data.Sqlite.Orm.Async.Metro\Mono.Data.Sqlite.Orm.Async.Metro.csproj", "{722FAA45-216C-49DE-8384-9EE08D13F08F}"
EndProject
Project("{FAE04EC0-301F-11D3-BF4B-00C04F79EFBC}") = "Mono.Data.Sqlite.Orm.Async.WindowsPhone", "Mono.Data.Sqlite.Orm.Async.WindowsPhone\Mono.Data.Sqlite.Orm.Async.WindowsPhone.csproj", "{3879DF23-CB0D-4146-B8B7-30B701E6BED2}"
EndProject
Project("{2150E333-8FDC-42A3-9474-1A3956D46DE8}") = "Windows Phone 8", "Windows Phone 8", "{669472CC-64CA-454C-AAAA-313B6B3988A6}"
EndProject
Project("{FAE04EC0-301F-11D3-BF4B-00C04F79EFBC}") = "Mono.Data.Sqlite.Orm.WindowsPhone8", "Mono.Data.Sqlite.Orm.WindowsPhone8\Mono.Data.Sqlite.Orm.WindowsPhone8.csproj", "{D7C5E75A-0736-407C-BBF5-FA2A57611646}"
EndProject
Project("{FAE04EC0-301F-11D3-BF4B-00C04F79EFBC}") = "Mono.Data.Sqlite.Orm.Async.WindowsPhone8", "Mono.Data.Sqlite.Orm.Async.WindowsPhone8\Mono.Data.Sqlite.Orm.Async.WindowsPhone8.csproj", "{09449A4A-00C0-4CFB-BE61-8634E0781207}"
EndProject
Project("{FAE04EC0-301F-11D3-BF4B-00C04F79EFBC}") = "Mono.Data.Sqlite.Orm.Tests.WindowsPhone8", "Mono.Data.Sqlite.Orm.Tests.WindowsPhone8\Mono.Data.Sqlite.Orm.Tests.WindowsPhone8.csproj", "{344271F7-B56E-4530-BE11-9D4991BC6CB9}"
EndProject
Global
	GlobalSection(SolutionConfigurationPlatforms) = preSolution
		Debug|Any CPU = Debug|Any CPU
		Debug|ARM = Debug|ARM
		Debug|x64 = Debug|x64
		Debug|x86 = Debug|x86
		Release|Any CPU = Release|Any CPU
		Release|ARM = Release|ARM
		Release|x64 = Release|x64
		Release|x86 = Release|x86
	EndGlobalSection
	GlobalSection(ProjectConfigurationPlatforms) = postSolution
		{E38C051E-889E-485B-B685-C692D2861E7B}.Debug|Any CPU.ActiveCfg = Debug|Any CPU
		{E38C051E-889E-485B-B685-C692D2861E7B}.Debug|Any CPU.Build.0 = Debug|Any CPU
		{E38C051E-889E-485B-B685-C692D2861E7B}.Debug|ARM.ActiveCfg = Debug|Any CPU
		{E38C051E-889E-485B-B685-C692D2861E7B}.Debug|x64.ActiveCfg = Debug|Any CPU
		{E38C051E-889E-485B-B685-C692D2861E7B}.Debug|x86.ActiveCfg = Debug|Any CPU
		{E38C051E-889E-485B-B685-C692D2861E7B}.Release|Any CPU.ActiveCfg = Release|Any CPU
		{E38C051E-889E-485B-B685-C692D2861E7B}.Release|Any CPU.Build.0 = Release|Any CPU
		{E38C051E-889E-485B-B685-C692D2861E7B}.Release|ARM.ActiveCfg = Release|Any CPU
		{E38C051E-889E-485B-B685-C692D2861E7B}.Release|x64.ActiveCfg = Release|Any CPU
		{E38C051E-889E-485B-B685-C692D2861E7B}.Release|x86.ActiveCfg = Release|Any CPU
		{0170CF92-AE0D-4B27-A25D-9320E10067A2}.Debug|Any CPU.ActiveCfg = Debug|Any CPU
		{0170CF92-AE0D-4B27-A25D-9320E10067A2}.Debug|Any CPU.Build.0 = Debug|Any CPU
		{0170CF92-AE0D-4B27-A25D-9320E10067A2}.Debug|ARM.ActiveCfg = Debug|Any CPU
		{0170CF92-AE0D-4B27-A25D-9320E10067A2}.Debug|x64.ActiveCfg = Debug|Any CPU
		{0170CF92-AE0D-4B27-A25D-9320E10067A2}.Debug|x86.ActiveCfg = Debug|Any CPU
		{0170CF92-AE0D-4B27-A25D-9320E10067A2}.Release|Any CPU.ActiveCfg = Release|Any CPU
		{0170CF92-AE0D-4B27-A25D-9320E10067A2}.Release|Any CPU.Build.0 = Release|Any CPU
		{0170CF92-AE0D-4B27-A25D-9320E10067A2}.Release|ARM.ActiveCfg = Release|Any CPU
		{0170CF92-AE0D-4B27-A25D-9320E10067A2}.Release|x64.ActiveCfg = Release|Any CPU
		{0170CF92-AE0D-4B27-A25D-9320E10067A2}.Release|x86.ActiveCfg = Release|Any CPU
		{B76E23CF-7FCB-4489-AE62-466F5E2D6579}.Debug|Any CPU.ActiveCfg = Debug|x86
		{B76E23CF-7FCB-4489-AE62-466F5E2D6579}.Debug|Any CPU.Build.0 = Debug|x86
		{B76E23CF-7FCB-4489-AE62-466F5E2D6579}.Debug|ARM.ActiveCfg = Debug|ARM
		{B76E23CF-7FCB-4489-AE62-466F5E2D6579}.Debug|ARM.Build.0 = Debug|ARM
		{B76E23CF-7FCB-4489-AE62-466F5E2D6579}.Debug|x64.ActiveCfg = Debug|x64
		{B76E23CF-7FCB-4489-AE62-466F5E2D6579}.Debug|x64.Build.0 = Debug|x64
		{B76E23CF-7FCB-4489-AE62-466F5E2D6579}.Debug|x86.ActiveCfg = Debug|x86
		{B76E23CF-7FCB-4489-AE62-466F5E2D6579}.Debug|x86.Build.0 = Debug|x86
		{B76E23CF-7FCB-4489-AE62-466F5E2D6579}.Release|Any CPU.ActiveCfg = Release|Any CPU
		{B76E23CF-7FCB-4489-AE62-466F5E2D6579}.Release|Any CPU.Build.0 = Release|Any CPU
		{B76E23CF-7FCB-4489-AE62-466F5E2D6579}.Release|ARM.ActiveCfg = Release|ARM
		{B76E23CF-7FCB-4489-AE62-466F5E2D6579}.Release|ARM.Build.0 = Release|ARM
		{B76E23CF-7FCB-4489-AE62-466F5E2D6579}.Release|x64.ActiveCfg = Release|x64
		{B76E23CF-7FCB-4489-AE62-466F5E2D6579}.Release|x64.Build.0 = Release|x64
		{B76E23CF-7FCB-4489-AE62-466F5E2D6579}.Release|x86.ActiveCfg = Release|x86
		{B76E23CF-7FCB-4489-AE62-466F5E2D6579}.Release|x86.Build.0 = Release|x86
		{3F285DAA-04E6-4950-944C-4EEB696E7AD8}.Debug|Any CPU.ActiveCfg = Debug|Any CPU
		{3F285DAA-04E6-4950-944C-4EEB696E7AD8}.Debug|Any CPU.Build.0 = Debug|Any CPU
		{3F285DAA-04E6-4950-944C-4EEB696E7AD8}.Debug|ARM.ActiveCfg = Debug|Any CPU
		{3F285DAA-04E6-4950-944C-4EEB696E7AD8}.Debug|x64.ActiveCfg = Debug|Any CPU
		{3F285DAA-04E6-4950-944C-4EEB696E7AD8}.Debug|x86.ActiveCfg = Debug|Any CPU
		{3F285DAA-04E6-4950-944C-4EEB696E7AD8}.Release|Any CPU.ActiveCfg = Release|Any CPU
		{3F285DAA-04E6-4950-944C-4EEB696E7AD8}.Release|Any CPU.Build.0 = Release|Any CPU
		{3F285DAA-04E6-4950-944C-4EEB696E7AD8}.Release|ARM.ActiveCfg = Release|Any CPU
		{3F285DAA-04E6-4950-944C-4EEB696E7AD8}.Release|x64.ActiveCfg = Release|Any CPU
		{3F285DAA-04E6-4950-944C-4EEB696E7AD8}.Release|x86.ActiveCfg = Release|Any CPU
		{BDE6E6EB-EB99-434B-84DB-ED243EC2BDC8}.Debug|Any CPU.ActiveCfg = Debug|Any CPU
		{BDE6E6EB-EB99-434B-84DB-ED243EC2BDC8}.Debug|Any CPU.Build.0 = Debug|Any CPU
		{BDE6E6EB-EB99-434B-84DB-ED243EC2BDC8}.Debug|ARM.ActiveCfg = Debug|Any CPU
		{BDE6E6EB-EB99-434B-84DB-ED243EC2BDC8}.Debug|x64.ActiveCfg = Debug|Any CPU
		{BDE6E6EB-EB99-434B-84DB-ED243EC2BDC8}.Debug|x86.ActiveCfg = Debug|Any CPU
		{BDE6E6EB-EB99-434B-84DB-ED243EC2BDC8}.Release|Any CPU.ActiveCfg = Release|Any CPU
		{BDE6E6EB-EB99-434B-84DB-ED243EC2BDC8}.Release|Any CPU.Build.0 = Release|Any CPU
		{BDE6E6EB-EB99-434B-84DB-ED243EC2BDC8}.Release|ARM.ActiveCfg = Release|Any CPU
		{BDE6E6EB-EB99-434B-84DB-ED243EC2BDC8}.Release|x64.ActiveCfg = Release|Any CPU
		{BDE6E6EB-EB99-434B-84DB-ED243EC2BDC8}.Release|x86.ActiveCfg = Release|Any CPU
		{2DB682BD-B45D-41E9-81E7-4044C616F2FE}.Debug|Any CPU.ActiveCfg = Debug|Any CPU
		{2DB682BD-B45D-41E9-81E7-4044C616F2FE}.Debug|Any CPU.Build.0 = Debug|Any CPU
		{2DB682BD-B45D-41E9-81E7-4044C616F2FE}.Debug|ARM.ActiveCfg = Debug|Any CPU
		{2DB682BD-B45D-41E9-81E7-4044C616F2FE}.Debug|x64.ActiveCfg = Debug|Any CPU
		{2DB682BD-B45D-41E9-81E7-4044C616F2FE}.Debug|x86.ActiveCfg = Debug|Any CPU
		{2DB682BD-B45D-41E9-81E7-4044C616F2FE}.Release|Any CPU.ActiveCfg = Release|Any CPU
		{2DB682BD-B45D-41E9-81E7-4044C616F2FE}.Release|Any CPU.Build.0 = Release|Any CPU
		{2DB682BD-B45D-41E9-81E7-4044C616F2FE}.Release|ARM.ActiveCfg = Release|Any CPU
		{2DB682BD-B45D-41E9-81E7-4044C616F2FE}.Release|x64.ActiveCfg = Release|Any CPU
		{2DB682BD-B45D-41E9-81E7-4044C616F2FE}.Release|x86.ActiveCfg = Release|Any CPU
		{65CB694A-1859-4ADE-B5B0-7F9062B67BED}.Debug|Any CPU.ActiveCfg = Debug|x86
		{65CB694A-1859-4ADE-B5B0-7F9062B67BED}.Debug|Any CPU.Build.0 = Debug|x86
		{65CB694A-1859-4ADE-B5B0-7F9062B67BED}.Debug|Any CPU.Deploy.0 = Debug|x86
		{65CB694A-1859-4ADE-B5B0-7F9062B67BED}.Debug|ARM.ActiveCfg = Debug|ARM
		{65CB694A-1859-4ADE-B5B0-7F9062B67BED}.Debug|ARM.Build.0 = Debug|ARM
		{65CB694A-1859-4ADE-B5B0-7F9062B67BED}.Debug|ARM.Deploy.0 = Debug|ARM
		{65CB694A-1859-4ADE-B5B0-7F9062B67BED}.Debug|x64.ActiveCfg = Debug|x64
		{65CB694A-1859-4ADE-B5B0-7F9062B67BED}.Debug|x64.Build.0 = Debug|x64
		{65CB694A-1859-4ADE-B5B0-7F9062B67BED}.Debug|x64.Deploy.0 = Debug|x64
		{65CB694A-1859-4ADE-B5B0-7F9062B67BED}.Debug|x86.ActiveCfg = Debug|x86
		{65CB694A-1859-4ADE-B5B0-7F9062B67BED}.Debug|x86.Build.0 = Debug|x86
		{65CB694A-1859-4ADE-B5B0-7F9062B67BED}.Debug|x86.Deploy.0 = Debug|x86
		{65CB694A-1859-4ADE-B5B0-7F9062B67BED}.Release|Any CPU.ActiveCfg = Release|Any CPU
		{65CB694A-1859-4ADE-B5B0-7F9062B67BED}.Release|Any CPU.Build.0 = Release|Any CPU
		{65CB694A-1859-4ADE-B5B0-7F9062B67BED}.Release|Any CPU.Deploy.0 = Release|Any CPU
		{65CB694A-1859-4ADE-B5B0-7F9062B67BED}.Release|ARM.ActiveCfg = Release|ARM
		{65CB694A-1859-4ADE-B5B0-7F9062B67BED}.Release|ARM.Build.0 = Release|ARM
		{65CB694A-1859-4ADE-B5B0-7F9062B67BED}.Release|ARM.Deploy.0 = Release|ARM
		{65CB694A-1859-4ADE-B5B0-7F9062B67BED}.Release|x64.ActiveCfg = Release|x64
		{65CB694A-1859-4ADE-B5B0-7F9062B67BED}.Release|x64.Build.0 = Release|x64
		{65CB694A-1859-4ADE-B5B0-7F9062B67BED}.Release|x64.Deploy.0 = Release|x64
		{65CB694A-1859-4ADE-B5B0-7F9062B67BED}.Release|x86.ActiveCfg = Release|x86
		{65CB694A-1859-4ADE-B5B0-7F9062B67BED}.Release|x86.Build.0 = Release|x86
		{65CB694A-1859-4ADE-B5B0-7F9062B67BED}.Release|x86.Deploy.0 = Release|x86
		{A93D6CFB-A618-4AA6-BDDE-AA8EF2BFE83B}.Debug|Any CPU.ActiveCfg = Debug|Any CPU
		{A93D6CFB-A618-4AA6-BDDE-AA8EF2BFE83B}.Debug|Any CPU.Build.0 = Debug|Any CPU
		{A93D6CFB-A618-4AA6-BDDE-AA8EF2BFE83B}.Debug|Any CPU.Deploy.0 = Debug|Any CPU
		{A93D6CFB-A618-4AA6-BDDE-AA8EF2BFE83B}.Debug|ARM.ActiveCfg = Debug|Any CPU
		{A93D6CFB-A618-4AA6-BDDE-AA8EF2BFE83B}.Debug|x64.ActiveCfg = Debug|Any CPU
		{A93D6CFB-A618-4AA6-BDDE-AA8EF2BFE83B}.Debug|x86.ActiveCfg = Debug|Any CPU
		{A93D6CFB-A618-4AA6-BDDE-AA8EF2BFE83B}.Release|Any CPU.ActiveCfg = Release|Any CPU
		{A93D6CFB-A618-4AA6-BDDE-AA8EF2BFE83B}.Release|Any CPU.Build.0 = Release|Any CPU
		{A93D6CFB-A618-4AA6-BDDE-AA8EF2BFE83B}.Release|Any CPU.Deploy.0 = Release|Any CPU
		{A93D6CFB-A618-4AA6-BDDE-AA8EF2BFE83B}.Release|ARM.ActiveCfg = Release|Any CPU
		{A93D6CFB-A618-4AA6-BDDE-AA8EF2BFE83B}.Release|x64.ActiveCfg = Release|Any CPU
		{A93D6CFB-A618-4AA6-BDDE-AA8EF2BFE83B}.Release|x86.ActiveCfg = Release|Any CPU
		{0C997849-0358-4497-8FA0-4F9075EEF0CC}.Debug|Any CPU.ActiveCfg = Debug|Any CPU
		{0C997849-0358-4497-8FA0-4F9075EEF0CC}.Debug|Any CPU.Build.0 = Debug|Any CPU
		{0C997849-0358-4497-8FA0-4F9075EEF0CC}.Debug|ARM.ActiveCfg = Debug|Any CPU
		{0C997849-0358-4497-8FA0-4F9075EEF0CC}.Debug|x64.ActiveCfg = Debug|Any CPU
		{0C997849-0358-4497-8FA0-4F9075EEF0CC}.Debug|x86.ActiveCfg = Debug|Any CPU
		{0C997849-0358-4497-8FA0-4F9075EEF0CC}.Release|Any CPU.ActiveCfg = Release|Any CPU
		{0C997849-0358-4497-8FA0-4F9075EEF0CC}.Release|Any CPU.Build.0 = Release|Any CPU
		{0C997849-0358-4497-8FA0-4F9075EEF0CC}.Release|ARM.ActiveCfg = Release|Any CPU
		{0C997849-0358-4497-8FA0-4F9075EEF0CC}.Release|x64.ActiveCfg = Release|Any CPU
		{0C997849-0358-4497-8FA0-4F9075EEF0CC}.Release|x86.ActiveCfg = Release|Any CPU
		{99ADA565-42CA-418D-BD85-6246FFA9A20E}.Debug|Any CPU.ActiveCfg = Debug|Any CPU
		{99ADA565-42CA-418D-BD85-6246FFA9A20E}.Debug|Any CPU.Build.0 = Debug|Any CPU
		{99ADA565-42CA-418D-BD85-6246FFA9A20E}.Debug|ARM.ActiveCfg = Debug|Any CPU
		{99ADA565-42CA-418D-BD85-6246FFA9A20E}.Debug|x64.ActiveCfg = Debug|Any CPU
		{99ADA565-42CA-418D-BD85-6246FFA9A20E}.Debug|x86.ActiveCfg = Debug|Any CPU
		{99ADA565-42CA-418D-BD85-6246FFA9A20E}.Release|Any CPU.ActiveCfg = Release|Any CPU
		{99ADA565-42CA-418D-BD85-6246FFA9A20E}.Release|Any CPU.Build.0 = Release|Any CPU
		{99ADA565-42CA-418D-BD85-6246FFA9A20E}.Release|ARM.ActiveCfg = Release|Any CPU
		{99ADA565-42CA-418D-BD85-6246FFA9A20E}.Release|x64.ActiveCfg = Release|Any CPU
		{99ADA565-42CA-418D-BD85-6246FFA9A20E}.Release|x86.ActiveCfg = Release|Any CPU
		{B8405176-F5D9-4C7B-9207-99EABCA3C444}.Debug|Any CPU.ActiveCfg = Debug|Any CPU
		{B8405176-F5D9-4C7B-9207-99EABCA3C444}.Debug|Any CPU.Build.0 = Debug|Any CPU
		{B8405176-F5D9-4C7B-9207-99EABCA3C444}.Debug|ARM.ActiveCfg = Debug|Any CPU
		{B8405176-F5D9-4C7B-9207-99EABCA3C444}.Debug|x64.ActiveCfg = Debug|Any CPU
		{B8405176-F5D9-4C7B-9207-99EABCA3C444}.Debug|x86.ActiveCfg = Debug|Any CPU
		{B8405176-F5D9-4C7B-9207-99EABCA3C444}.Release|Any CPU.ActiveCfg = Release|Any CPU
		{B8405176-F5D9-4C7B-9207-99EABCA3C444}.Release|Any CPU.Build.0 = Release|Any CPU
		{B8405176-F5D9-4C7B-9207-99EABCA3C444}.Release|ARM.ActiveCfg = Release|Any CPU
		{B8405176-F5D9-4C7B-9207-99EABCA3C444}.Release|x64.ActiveCfg = Release|Any CPU
		{B8405176-F5D9-4C7B-9207-99EABCA3C444}.Release|x86.ActiveCfg = Release|Any CPU
		{0C8B0D6D-B9B7-4706-8EF2-B9543B7E78CE}.Debug|Any CPU.ActiveCfg = Debug|Any CPU
		{0C8B0D6D-B9B7-4706-8EF2-B9543B7E78CE}.Debug|Any CPU.Build.0 = Debug|Any CPU
		{0C8B0D6D-B9B7-4706-8EF2-B9543B7E78CE}.Debug|ARM.ActiveCfg = Debug|Any CPU
		{0C8B0D6D-B9B7-4706-8EF2-B9543B7E78CE}.Debug|x64.ActiveCfg = Debug|Any CPU
		{0C8B0D6D-B9B7-4706-8EF2-B9543B7E78CE}.Debug|x86.ActiveCfg = Debug|Any CPU
		{0C8B0D6D-B9B7-4706-8EF2-B9543B7E78CE}.Release|Any CPU.ActiveCfg = Release|Any CPU
		{0C8B0D6D-B9B7-4706-8EF2-B9543B7E78CE}.Release|Any CPU.Build.0 = Release|Any CPU
		{0C8B0D6D-B9B7-4706-8EF2-B9543B7E78CE}.Release|ARM.ActiveCfg = Release|Any CPU
		{0C8B0D6D-B9B7-4706-8EF2-B9543B7E78CE}.Release|x64.ActiveCfg = Release|Any CPU
		{0C8B0D6D-B9B7-4706-8EF2-B9543B7E78CE}.Release|x86.ActiveCfg = Release|Any CPU
		{A31C1208-3FA6-46AE-95E3-5279B66F87DA}.Debug|Any CPU.ActiveCfg = Debug|Any CPU
		{A31C1208-3FA6-46AE-95E3-5279B66F87DA}.Debug|Any CPU.Build.0 = Debug|Any CPU
		{A31C1208-3FA6-46AE-95E3-5279B66F87DA}.Debug|ARM.ActiveCfg = Debug|Any CPU
		{A31C1208-3FA6-46AE-95E3-5279B66F87DA}.Debug|x64.ActiveCfg = Debug|Any CPU
		{A31C1208-3FA6-46AE-95E3-5279B66F87DA}.Debug|x86.ActiveCfg = Debug|Any CPU
		{A31C1208-3FA6-46AE-95E3-5279B66F87DA}.Release|Any CPU.ActiveCfg = Release|Any CPU
		{A31C1208-3FA6-46AE-95E3-5279B66F87DA}.Release|Any CPU.Build.0 = Release|Any CPU
		{A31C1208-3FA6-46AE-95E3-5279B66F87DA}.Release|ARM.ActiveCfg = Release|Any CPU
		{A31C1208-3FA6-46AE-95E3-5279B66F87DA}.Release|x64.ActiveCfg = Release|Any CPU
		{A31C1208-3FA6-46AE-95E3-5279B66F87DA}.Release|x86.ActiveCfg = Release|Any CPU
		{722FAA45-216C-49DE-8384-9EE08D13F08F}.Debug|Any CPU.ActiveCfg = Debug|Any CPU
		{722FAA45-216C-49DE-8384-9EE08D13F08F}.Debug|Any CPU.Build.0 = Debug|Any CPU
		{722FAA45-216C-49DE-8384-9EE08D13F08F}.Debug|ARM.ActiveCfg = Debug|ARM
		{722FAA45-216C-49DE-8384-9EE08D13F08F}.Debug|ARM.Build.0 = Debug|ARM
		{722FAA45-216C-49DE-8384-9EE08D13F08F}.Debug|x64.ActiveCfg = Debug|x64
		{722FAA45-216C-49DE-8384-9EE08D13F08F}.Debug|x64.Build.0 = Debug|x64
		{722FAA45-216C-49DE-8384-9EE08D13F08F}.Debug|x86.ActiveCfg = Debug|x86
		{722FAA45-216C-49DE-8384-9EE08D13F08F}.Debug|x86.Build.0 = Debug|x86
		{722FAA45-216C-49DE-8384-9EE08D13F08F}.Release|Any CPU.ActiveCfg = Release|Any CPU
		{722FAA45-216C-49DE-8384-9EE08D13F08F}.Release|Any CPU.Build.0 = Release|Any CPU
		{722FAA45-216C-49DE-8384-9EE08D13F08F}.Release|ARM.ActiveCfg = Release|ARM
		{722FAA45-216C-49DE-8384-9EE08D13F08F}.Release|ARM.Build.0 = Release|ARM
		{722FAA45-216C-49DE-8384-9EE08D13F08F}.Release|x64.ActiveCfg = Release|x64
		{722FAA45-216C-49DE-8384-9EE08D13F08F}.Release|x64.Build.0 = Release|x64
		{722FAA45-216C-49DE-8384-9EE08D13F08F}.Release|x86.ActiveCfg = Release|x86
		{722FAA45-216C-49DE-8384-9EE08D13F08F}.Release|x86.Build.0 = Release|x86
		{3879DF23-CB0D-4146-B8B7-30B701E6BED2}.Debug|Any CPU.ActiveCfg = Debug|Any CPU
		{3879DF23-CB0D-4146-B8B7-30B701E6BED2}.Debug|Any CPU.Build.0 = Debug|Any CPU
		{3879DF23-CB0D-4146-B8B7-30B701E6BED2}.Debug|ARM.ActiveCfg = Debug|Any CPU
		{3879DF23-CB0D-4146-B8B7-30B701E6BED2}.Debug|x64.ActiveCfg = Debug|Any CPU
		{3879DF23-CB0D-4146-B8B7-30B701E6BED2}.Debug|x86.ActiveCfg = Debug|Any CPU
		{3879DF23-CB0D-4146-B8B7-30B701E6BED2}.Release|Any CPU.ActiveCfg = Release|Any CPU
		{3879DF23-CB0D-4146-B8B7-30B701E6BED2}.Release|Any CPU.Build.0 = Release|Any CPU
		{3879DF23-CB0D-4146-B8B7-30B701E6BED2}.Release|ARM.ActiveCfg = Release|Any CPU
		{3879DF23-CB0D-4146-B8B7-30B701E6BED2}.Release|x64.ActiveCfg = Release|Any CPU
		{3879DF23-CB0D-4146-B8B7-30B701E6BED2}.Release|x86.ActiveCfg = Release|Any CPU
		{D7C5E75A-0736-407C-BBF5-FA2A57611646}.Debug|Any CPU.ActiveCfg = Debug|x86
		{D7C5E75A-0736-407C-BBF5-FA2A57611646}.Debug|Any CPU.Build.0 = Debug|x86
		{D7C5E75A-0736-407C-BBF5-FA2A57611646}.Debug|ARM.ActiveCfg = Debug|ARM
		{D7C5E75A-0736-407C-BBF5-FA2A57611646}.Debug|ARM.Build.0 = Debug|ARM
		{D7C5E75A-0736-407C-BBF5-FA2A57611646}.Debug|x64.ActiveCfg = Debug|Any CPU
		{D7C5E75A-0736-407C-BBF5-FA2A57611646}.Debug|x86.ActiveCfg = Debug|x86
		{D7C5E75A-0736-407C-BBF5-FA2A57611646}.Debug|x86.Build.0 = Debug|x86
		{D7C5E75A-0736-407C-BBF5-FA2A57611646}.Release|Any CPU.ActiveCfg = Release|Any CPU
		{D7C5E75A-0736-407C-BBF5-FA2A57611646}.Release|Any CPU.Build.0 = Release|Any CPU
		{D7C5E75A-0736-407C-BBF5-FA2A57611646}.Release|ARM.ActiveCfg = Release|ARM
		{D7C5E75A-0736-407C-BBF5-FA2A57611646}.Release|ARM.Build.0 = Release|ARM
		{D7C5E75A-0736-407C-BBF5-FA2A57611646}.Release|x64.ActiveCfg = Release|Any CPU
		{D7C5E75A-0736-407C-BBF5-FA2A57611646}.Release|x86.ActiveCfg = Release|x86
		{D7C5E75A-0736-407C-BBF5-FA2A57611646}.Release|x86.Build.0 = Release|x86
		{09449A4A-00C0-4CFB-BE61-8634E0781207}.Debug|Any CPU.ActiveCfg = Debug|Any CPU
		{09449A4A-00C0-4CFB-BE61-8634E0781207}.Debug|Any CPU.Build.0 = Debug|Any CPU
		{09449A4A-00C0-4CFB-BE61-8634E0781207}.Debug|ARM.ActiveCfg = Debug|ARM
		{09449A4A-00C0-4CFB-BE61-8634E0781207}.Debug|ARM.Build.0 = Debug|ARM
		{09449A4A-00C0-4CFB-BE61-8634E0781207}.Debug|x64.ActiveCfg = Debug|Any CPU
		{09449A4A-00C0-4CFB-BE61-8634E0781207}.Debug|x86.ActiveCfg = Debug|x86
		{09449A4A-00C0-4CFB-BE61-8634E0781207}.Debug|x86.Build.0 = Debug|x86
		{09449A4A-00C0-4CFB-BE61-8634E0781207}.Release|Any CPU.ActiveCfg = Release|Any CPU
		{09449A4A-00C0-4CFB-BE61-8634E0781207}.Release|Any CPU.Build.0 = Release|Any CPU
		{09449A4A-00C0-4CFB-BE61-8634E0781207}.Release|ARM.ActiveCfg = Release|ARM
		{09449A4A-00C0-4CFB-BE61-8634E0781207}.Release|ARM.Build.0 = Release|ARM
		{09449A4A-00C0-4CFB-BE61-8634E0781207}.Release|x64.ActiveCfg = Release|Any CPU
		{09449A4A-00C0-4CFB-BE61-8634E0781207}.Release|x86.ActiveCfg = Release|x86
		{09449A4A-00C0-4CFB-BE61-8634E0781207}.Release|x86.Build.0 = Release|x86
		{344271F7-B56E-4530-BE11-9D4991BC6CB9}.Debug|Any CPU.ActiveCfg = Debug|x86
		{344271F7-B56E-4530-BE11-9D4991BC6CB9}.Debug|Any CPU.Build.0 = Debug|x86
		{344271F7-B56E-4530-BE11-9D4991BC6CB9}.Debug|Any CPU.Deploy.0 = Debug|x86
		{344271F7-B56E-4530-BE11-9D4991BC6CB9}.Debug|ARM.ActiveCfg = Debug|ARM
		{344271F7-B56E-4530-BE11-9D4991BC6CB9}.Debug|ARM.Build.0 = Debug|ARM
		{344271F7-B56E-4530-BE11-9D4991BC6CB9}.Debug|ARM.Deploy.0 = Debug|ARM
		{344271F7-B56E-4530-BE11-9D4991BC6CB9}.Debug|x64.ActiveCfg = Debug|Any CPU
		{344271F7-B56E-4530-BE11-9D4991BC6CB9}.Debug|x86.ActiveCfg = Debug|x86
		{344271F7-B56E-4530-BE11-9D4991BC6CB9}.Debug|x86.Build.0 = Debug|x86
		{344271F7-B56E-4530-BE11-9D4991BC6CB9}.Debug|x86.Deploy.0 = Debug|x86
		{344271F7-B56E-4530-BE11-9D4991BC6CB9}.Release|Any CPU.ActiveCfg = Release|Any CPU
		{344271F7-B56E-4530-BE11-9D4991BC6CB9}.Release|Any CPU.Build.0 = Release|Any CPU
		{344271F7-B56E-4530-BE11-9D4991BC6CB9}.Release|Any CPU.Deploy.0 = Release|Any CPU
		{344271F7-B56E-4530-BE11-9D4991BC6CB9}.Release|ARM.ActiveCfg = Release|ARM
		{344271F7-B56E-4530-BE11-9D4991BC6CB9}.Release|ARM.Build.0 = Release|ARM
		{344271F7-B56E-4530-BE11-9D4991BC6CB9}.Release|ARM.Deploy.0 = Release|ARM
		{344271F7-B56E-4530-BE11-9D4991BC6CB9}.Release|x64.ActiveCfg = Release|Any CPU
		{344271F7-B56E-4530-BE11-9D4991BC6CB9}.Release|x86.ActiveCfg = Release|x86
		{344271F7-B56E-4530-BE11-9D4991BC6CB9}.Release|x86.Build.0 = Release|x86
		{344271F7-B56E-4530-BE11-9D4991BC6CB9}.Release|x86.Deploy.0 = Release|x86
	EndGlobalSection
	GlobalSection(SolutionProperties) = preSolution
		HideSolutionNode = FALSE
	EndGlobalSection
	GlobalSection(NestedProjects) = preSolution
		{E38C051E-889E-485B-B685-C692D2861E7B} = {E4D33A45-5A3F-43C9-BE82-859FEB0D1545}
		{0C8B0D6D-B9B7-4706-8EF2-B9543B7E78CE} = {E4D33A45-5A3F-43C9-BE82-859FEB0D1545}
		{0170CF92-AE0D-4B27-A25D-9320E10067A2} = {400AF217-269A-4EA4-9BB9-A019AEAF8407}
		{A93D6CFB-A618-4AA6-BDDE-AA8EF2BFE83B} = {400AF217-269A-4EA4-9BB9-A019AEAF8407}
		{65CB694A-1859-4ADE-B5B0-7F9062B67BED} = {00637B4C-572A-422D-96B8-D947DA5244DA}
		{B76E23CF-7FCB-4489-AE62-466F5E2D6579} = {00637B4C-572A-422D-96B8-D947DA5244DA}
		{3F285DAA-04E6-4950-944C-4EEB696E7AD8} = {B558A3B9-8F64-49CB-850A-5BA250A22F33}
		{BDE6E6EB-EB99-434B-84DB-ED243EC2BDC8} = {FF6B04C0-4E6D-4E8F-AF4A-6C67EC0E9FB0}
		{0C997849-0358-4497-8FA0-4F9075EEF0CC} = {FF6B04C0-4E6D-4E8F-AF4A-6C67EC0E9FB0}
		{2DB682BD-B45D-41E9-81E7-4044C616F2FE} = {A8E7233C-3CB0-4ADB-930C-29A102215E80}
		{99ADA565-42CA-418D-BD85-6246FFA9A20E} = {FD00EBB5-9601-4194-BE83-C14F31DC5BFE}
		{B8405176-F5D9-4C7B-9207-99EABCA3C444} = {FD00EBB5-9601-4194-BE83-C14F31DC5BFE}
		{A31C1208-3FA6-46AE-95E3-5279B66F87DA} = {FD00EBB5-9601-4194-BE83-C14F31DC5BFE}
		{722FAA45-216C-49DE-8384-9EE08D13F08F} = {FD00EBB5-9601-4194-BE83-C14F31DC5BFE}
		{3879DF23-CB0D-4146-B8B7-30B701E6BED2} = {FD00EBB5-9601-4194-BE83-C14F31DC5BFE}
		{09449A4A-00C0-4CFB-BE61-8634E0781207} = {FD00EBB5-9601-4194-BE83-C14F31DC5BFE}
		{D7C5E75A-0736-407C-BBF5-FA2A57611646} = {669472CC-64CA-454C-AAAA-313B6B3988A6}
		{344271F7-B56E-4530-BE11-9D4991BC6CB9} = {669472CC-64CA-454C-AAAA-313B6B3988A6}
	EndGlobalSection
	GlobalSection(MonoDevelopProperties) = preSolution
		StartupItem = TestRunner.Silverlight\TestRunner.Silverlight.csproj
	EndGlobalSection
EndGlobal
