
Microsoft Visual Studio Solution File, Format Version 11.00
# Visual Studio 2010
Project("{FAE04EC0-301F-11D3-BF4B-00C04F79EFBC}") = "Mono.Data.Sqlite.Orm", "Mono.Data.Sqlite.Orm\Mono.Data.Sqlite.Orm.csproj", "{E38C051E-889E-485B-B685-C692D2861E7B}"
EndProject
Project("{FAE04EC0-301F-11D3-BF4B-00C04F79EFBC}") = "Mono.Data.Sqlite.Orm.Tests", "Mono.Data.Sqlite.Orm.Tests\Mono.Data.Sqlite.Orm.Tests.csproj", "{6947A8F1-99BE-4DD1-AD4D-D89425CE67A2}"
EndProject
Project("{2150E333-8FDC-42A3-9474-1A3956D46DE8}") = "Libraries", "Libraries", "{43965019-C797-442E-BE08-32EA22D76BBB}"
	ProjectSection(SolutionItems) = preProject
		Libraries\Community.CsharpSqlite.SQLiteClient.WinRT.dll = Libraries\Community.CsharpSqlite.SQLiteClient.WinRT.dll
		Libraries\Community.CsharpSqlite.SQLiteClient.WP.dll = Libraries\Community.CsharpSqlite.SQLiteClient.WP.dll
		Libraries\Community.CsharpSqlite.WinPhone.dll = Libraries\Community.CsharpSqlite.WinPhone.dll
		Libraries\Community.CsharpSqlite.WinRT.dll = Libraries\Community.CsharpSqlite.WinRT.dll
		Libraries\Mono.Data.Sqlite.dll = Libraries\Mono.Data.Sqlite.dll
		Libraries\nunit.framework.dll = Libraries\nunit.framework.dll
		Libraries\NUnitLite.dll = Libraries\NUnitLite.dll
		Libraries\NUnitLite.Metro.dll = Libraries\NUnitLite.Metro.dll
		Libraries\System.Data.Ersatz.WinPhone.dll = Libraries\System.Data.Ersatz.WinPhone.dll
		Libraries\System.Data.Ersatz.WinRT.dll = Libraries\System.Data.Ersatz.WinRT.dll
	EndProjectSection
EndProject
Project("{FAE04EC0-301F-11D3-BF4B-00C04F79EFBC}") = "TestRunner.Silverlight", "TestRunner.Silverlight\TestRunner.Silverlight.csproj", "{4E36AE00-971B-4062-94C5-77379FCE045A}"
EndProject
Project("{FAE04EC0-301F-11D3-BF4B-00C04F79EFBC}") = "Mono.Data.Sqlite.Orm.Tests.WindowsPhone", "Mono.Data.Sqlite.Orm.Tests.WindowsPhone\Mono.Data.Sqlite.Orm.Tests.WindowsPhone.csproj", "{29AC8AC4-C8B9-4DE7-8AB6-197957CE9135}"
EndProject
Project("{FAE04EC0-301F-11D3-BF4B-00C04F79EFBC}") = "Mono.Data.Sqlite.Orm.WindowsPhone", "Mono.Data.Sqlite.Orm.WindowsPhone\Mono.Data.Sqlite.Orm.WindowsPhone.csproj", "{0170CF92-AE0D-4B27-A25D-9320E10067A2}"
EndProject
Project("{FAE04EC0-301F-11D3-BF4B-00C04F79EFBC}") = "TestRunner.WindowsPhone", "TestRunner.WindowsPhone\TestRunner.WindowsPhone.csproj", "{A93D6CFB-A618-4AA6-BDDE-AA8EF2BFE83B}"
EndProject
Project("{FAE04EC0-301F-11D3-BF4B-00C04F79EFBC}") = "Mono.Data.Sqlite.Orm.Metro", "Mono.Data.Sqlite.Orm.Metro\Mono.Data.Sqlite.Orm.Metro.csproj", "{B76E23CF-7FCB-4489-AE62-466F5E2D6579}"
EndProject
Project("{FAE04EC0-301F-11D3-BF4B-00C04F79EFBC}") = "Mono.Data.Sqlite.Orm.Tests.Metro", "Mono.Data.Sqlite.Orm.Tests.Metro\Mono.Data.Sqlite.Orm.Tests.Metro.csproj", "{22989249-31D6-43AA-86F1-568360A2A040}"
EndProject
Project("{FAE04EC0-301F-11D3-BF4B-00C04F79EFBC}") = "TestRunner.Metro", "TestRunner.Metro\TestRunner.Metro.csproj", "{2A9FCC57-1549-4329-A569-3FD429A14E71}"
EndProject
Global
	GlobalSection(SolutionConfigurationPlatforms) = preSolution
		Debug Release|Any CPU = Debug Release|Any CPU
		Debug Release|ARM = Debug Release|ARM
		Debug Release|x64 = Debug Release|x64
		Debug Release|x86 = Debug Release|x86
		Debug|Any CPU = Debug|Any CPU
		Debug|ARM = Debug|ARM
		Debug|x64 = Debug|x64
		Debug|x86 = Debug|x86
		Release|Any CPU = Release|Any CPU
		Release|ARM = Release|ARM
		Release|x64 = Release|x64
		Release|x86 = Release|x86
	EndGlobalSection
	GlobalSection(ProjectConfigurationPlatforms) = postSolution
		{0170CF92-AE0D-4B27-A25D-9320E10067A2}.Debug Release|Any CPU.ActiveCfg = Release|Any CPU
		{0170CF92-AE0D-4B27-A25D-9320E10067A2}.Debug Release|Any CPU.Build.0 = Release|Any CPU
		{0170CF92-AE0D-4B27-A25D-9320E10067A2}.Debug Release|ARM.ActiveCfg = Release|Any CPU
		{0170CF92-AE0D-4B27-A25D-9320E10067A2}.Debug Release|x64.ActiveCfg = Release|Any CPU
		{0170CF92-AE0D-4B27-A25D-9320E10067A2}.Debug Release|x86.ActiveCfg = Release|Any CPU
		{0170CF92-AE0D-4B27-A25D-9320E10067A2}.Debug|Any CPU.ActiveCfg = Debug|Any CPU
		{0170CF92-AE0D-4B27-A25D-9320E10067A2}.Debug|Any CPU.Build.0 = Debug|Any CPU
		{0170CF92-AE0D-4B27-A25D-9320E10067A2}.Debug|ARM.ActiveCfg = Debug|Any CPU
		{0170CF92-AE0D-4B27-A25D-9320E10067A2}.Debug|x64.ActiveCfg = Debug|Any CPU
		{0170CF92-AE0D-4B27-A25D-9320E10067A2}.Debug|x86.ActiveCfg = Debug|Any CPU
		{0170CF92-AE0D-4B27-A25D-9320E10067A2}.Release|Any CPU.ActiveCfg = Release|Any CPU
		{0170CF92-AE0D-4B27-A25D-9320E10067A2}.Release|Any CPU.Build.0 = Release|Any CPU
		{0170CF92-AE0D-4B27-A25D-9320E10067A2}.Release|ARM.ActiveCfg = Release|Any CPU
		{0170CF92-AE0D-4B27-A25D-9320E10067A2}.Release|x64.ActiveCfg = Release|Any CPU
		{0170CF92-AE0D-4B27-A25D-9320E10067A2}.Release|x86.ActiveCfg = Release|Any CPU
		{22989249-31D6-43AA-86F1-568360A2A040}.Debug Release|Any CPU.ActiveCfg = Release|Any CPU
		{22989249-31D6-43AA-86F1-568360A2A040}.Debug Release|ARM.ActiveCfg = Release|ARM
		{22989249-31D6-43AA-86F1-568360A2A040}.Debug Release|x64.ActiveCfg = Release|x64
		{22989249-31D6-43AA-86F1-568360A2A040}.Debug Release|x86.ActiveCfg = Release|x86
		{22989249-31D6-43AA-86F1-568360A2A040}.Debug|Any CPU.ActiveCfg = Debug|Any CPU
		{22989249-31D6-43AA-86F1-568360A2A040}.Debug|Any CPU.Build.0 = Debug|Any CPU
		{22989249-31D6-43AA-86F1-568360A2A040}.Debug|ARM.ActiveCfg = Debug|ARM
		{22989249-31D6-43AA-86F1-568360A2A040}.Debug|ARM.Build.0 = Debug|ARM
		{22989249-31D6-43AA-86F1-568360A2A040}.Debug|x64.ActiveCfg = Debug|x64
		{22989249-31D6-43AA-86F1-568360A2A040}.Debug|x64.Build.0 = Debug|x64
		{22989249-31D6-43AA-86F1-568360A2A040}.Debug|x86.ActiveCfg = Debug|x86
		{22989249-31D6-43AA-86F1-568360A2A040}.Debug|x86.Build.0 = Debug|x86
		{22989249-31D6-43AA-86F1-568360A2A040}.Release|Any CPU.ActiveCfg = Release|Any CPU
		{22989249-31D6-43AA-86F1-568360A2A040}.Release|Any CPU.Build.0 = Release|Any CPU
		{22989249-31D6-43AA-86F1-568360A2A040}.Release|ARM.ActiveCfg = Release|ARM
		{22989249-31D6-43AA-86F1-568360A2A040}.Release|ARM.Build.0 = Release|ARM
		{22989249-31D6-43AA-86F1-568360A2A040}.Release|x64.ActiveCfg = Release|x64
		{22989249-31D6-43AA-86F1-568360A2A040}.Release|x64.Build.0 = Release|x64
		{22989249-31D6-43AA-86F1-568360A2A040}.Release|x86.ActiveCfg = Release|x86
		{22989249-31D6-43AA-86F1-568360A2A040}.Release|x86.Build.0 = Release|x86
		{29AC8AC4-C8B9-4DE7-8AB6-197957CE9135}.Debug Release|Any CPU.ActiveCfg = Release|Any CPU
		{29AC8AC4-C8B9-4DE7-8AB6-197957CE9135}.Debug Release|Any CPU.Build.0 = Release|Any CPU
		{29AC8AC4-C8B9-4DE7-8AB6-197957CE9135}.Debug Release|ARM.ActiveCfg = Release|Any CPU
		{29AC8AC4-C8B9-4DE7-8AB6-197957CE9135}.Debug Release|x64.ActiveCfg = Release|Any CPU
		{29AC8AC4-C8B9-4DE7-8AB6-197957CE9135}.Debug Release|x86.ActiveCfg = Release|Any CPU
		{29AC8AC4-C8B9-4DE7-8AB6-197957CE9135}.Debug|Any CPU.ActiveCfg = Debug|Any CPU
		{29AC8AC4-C8B9-4DE7-8AB6-197957CE9135}.Debug|Any CPU.Build.0 = Debug|Any CPU
		{29AC8AC4-C8B9-4DE7-8AB6-197957CE9135}.Debug|ARM.ActiveCfg = Debug|Any CPU
		{29AC8AC4-C8B9-4DE7-8AB6-197957CE9135}.Debug|x64.ActiveCfg = Debug|Any CPU
		{29AC8AC4-C8B9-4DE7-8AB6-197957CE9135}.Debug|x86.ActiveCfg = Debug|Any CPU
		{29AC8AC4-C8B9-4DE7-8AB6-197957CE9135}.Release|Any CPU.ActiveCfg = Release|Any CPU
		{29AC8AC4-C8B9-4DE7-8AB6-197957CE9135}.Release|Any CPU.Build.0 = Release|Any CPU
		{29AC8AC4-C8B9-4DE7-8AB6-197957CE9135}.Release|ARM.ActiveCfg = Release|Any CPU
		{29AC8AC4-C8B9-4DE7-8AB6-197957CE9135}.Release|x64.ActiveCfg = Release|Any CPU
		{29AC8AC4-C8B9-4DE7-8AB6-197957CE9135}.Release|x86.ActiveCfg = Release|Any CPU
		{2A9FCC57-1549-4329-A569-3FD429A14E71}.Debug Release|Any CPU.ActiveCfg = Release|Any CPU
		{2A9FCC57-1549-4329-A569-3FD429A14E71}.Debug Release|ARM.ActiveCfg = Release|ARM
		{2A9FCC57-1549-4329-A569-3FD429A14E71}.Debug Release|x64.ActiveCfg = Release|x64
		{2A9FCC57-1549-4329-A569-3FD429A14E71}.Debug Release|x86.ActiveCfg = Release|x86
		{2A9FCC57-1549-4329-A569-3FD429A14E71}.Debug|Any CPU.ActiveCfg = Debug|Any CPU
		{2A9FCC57-1549-4329-A569-3FD429A14E71}.Debug|Any CPU.Build.0 = Debug|Any CPU
		{2A9FCC57-1549-4329-A569-3FD429A14E71}.Debug|ARM.ActiveCfg = Debug|ARM
		{2A9FCC57-1549-4329-A569-3FD429A14E71}.Debug|ARM.Build.0 = Debug|ARM
		{2A9FCC57-1549-4329-A569-3FD429A14E71}.Debug|x64.ActiveCfg = Debug|x64
		{2A9FCC57-1549-4329-A569-3FD429A14E71}.Debug|x64.Build.0 = Debug|x64
		{2A9FCC57-1549-4329-A569-3FD429A14E71}.Debug|x86.ActiveCfg = Debug|x86
		{2A9FCC57-1549-4329-A569-3FD429A14E71}.Debug|x86.Build.0 = Debug|x86
		{2A9FCC57-1549-4329-A569-3FD429A14E71}.Release|Any CPU.ActiveCfg = Release|Any CPU
		{2A9FCC57-1549-4329-A569-3FD429A14E71}.Release|Any CPU.Build.0 = Release|Any CPU
		{2A9FCC57-1549-4329-A569-3FD429A14E71}.Release|ARM.ActiveCfg = Release|ARM
		{2A9FCC57-1549-4329-A569-3FD429A14E71}.Release|ARM.Build.0 = Release|ARM
		{2A9FCC57-1549-4329-A569-3FD429A14E71}.Release|x64.ActiveCfg = Release|x64
		{2A9FCC57-1549-4329-A569-3FD429A14E71}.Release|x64.Build.0 = Release|x64
		{2A9FCC57-1549-4329-A569-3FD429A14E71}.Release|x86.ActiveCfg = Release|x86
		{2A9FCC57-1549-4329-A569-3FD429A14E71}.Release|x86.Build.0 = Release|x86
		{4E36AE00-971B-4062-94C5-77379FCE045A}.Debug Release|Any CPU.ActiveCfg = Release|Any CPU
		{4E36AE00-971B-4062-94C5-77379FCE045A}.Debug Release|Any CPU.Build.0 = Release|Any CPU
		{4E36AE00-971B-4062-94C5-77379FCE045A}.Debug Release|ARM.ActiveCfg = Release|Any CPU
		{4E36AE00-971B-4062-94C5-77379FCE045A}.Debug Release|x64.ActiveCfg = Release|Any CPU
		{4E36AE00-971B-4062-94C5-77379FCE045A}.Debug Release|x86.ActiveCfg = Release|Any CPU
		{4E36AE00-971B-4062-94C5-77379FCE045A}.Debug|Any CPU.ActiveCfg = Debug|Any CPU
		{4E36AE00-971B-4062-94C5-77379FCE045A}.Debug|Any CPU.Build.0 = Debug|Any CPU
		{4E36AE00-971B-4062-94C5-77379FCE045A}.Debug|ARM.ActiveCfg = Debug|Any CPU
		{4E36AE00-971B-4062-94C5-77379FCE045A}.Debug|x64.ActiveCfg = Debug|Any CPU
		{4E36AE00-971B-4062-94C5-77379FCE045A}.Debug|x86.ActiveCfg = Debug|Any CPU
		{4E36AE00-971B-4062-94C5-77379FCE045A}.Release|Any CPU.ActiveCfg = Release|Any CPU
		{4E36AE00-971B-4062-94C5-77379FCE045A}.Release|Any CPU.Build.0 = Release|Any CPU
		{4E36AE00-971B-4062-94C5-77379FCE045A}.Release|ARM.ActiveCfg = Release|Any CPU
		{4E36AE00-971B-4062-94C5-77379FCE045A}.Release|x64.ActiveCfg = Release|Any CPU
		{4E36AE00-971B-4062-94C5-77379FCE045A}.Release|x86.ActiveCfg = Release|Any CPU
		{6947A8F1-99BE-4DD1-AD4D-D89425CE67A2}.Debug Release|Any CPU.ActiveCfg = Release|Any CPU
		{6947A8F1-99BE-4DD1-AD4D-D89425CE67A2}.Debug Release|ARM.ActiveCfg = Release|Any CPU
		{6947A8F1-99BE-4DD1-AD4D-D89425CE67A2}.Debug Release|x64.ActiveCfg = Release|Any CPU
		{6947A8F1-99BE-4DD1-AD4D-D89425CE67A2}.Debug Release|x86.ActiveCfg = Release|Any CPU
		{6947A8F1-99BE-4DD1-AD4D-D89425CE67A2}.Debug|Any CPU.ActiveCfg = Debug|Any CPU
		{6947A8F1-99BE-4DD1-AD4D-D89425CE67A2}.Debug|Any CPU.Build.0 = Debug|Any CPU
		{6947A8F1-99BE-4DD1-AD4D-D89425CE67A2}.Debug|ARM.ActiveCfg = Debug|Any CPU
		{6947A8F1-99BE-4DD1-AD4D-D89425CE67A2}.Debug|x64.ActiveCfg = Debug|Any CPU
		{6947A8F1-99BE-4DD1-AD4D-D89425CE67A2}.Debug|x86.ActiveCfg = Debug|Any CPU
		{6947A8F1-99BE-4DD1-AD4D-D89425CE67A2}.Release|Any CPU.ActiveCfg = Release|Any CPU
		{6947A8F1-99BE-4DD1-AD4D-D89425CE67A2}.Release|Any CPU.Build.0 = Release|Any CPU
		{6947A8F1-99BE-4DD1-AD4D-D89425CE67A2}.Release|ARM.ActiveCfg = Release|Any CPU
		{6947A8F1-99BE-4DD1-AD4D-D89425CE67A2}.Release|x64.ActiveCfg = Release|Any CPU
		{6947A8F1-99BE-4DD1-AD4D-D89425CE67A2}.Release|x86.ActiveCfg = Release|Any CPU
		{A93D6CFB-A618-4AA6-BDDE-AA8EF2BFE83B}.Debug Release|Any CPU.ActiveCfg = Release|Any CPU
		{A93D6CFB-A618-4AA6-BDDE-AA8EF2BFE83B}.Debug Release|ARM.ActiveCfg = Release|Any CPU
		{A93D6CFB-A618-4AA6-BDDE-AA8EF2BFE83B}.Debug Release|x64.ActiveCfg = Release|Any CPU
		{A93D6CFB-A618-4AA6-BDDE-AA8EF2BFE83B}.Debug Release|x86.ActiveCfg = Release|Any CPU
		{A93D6CFB-A618-4AA6-BDDE-AA8EF2BFE83B}.Debug|Any CPU.ActiveCfg = Debug|Any CPU
		{A93D6CFB-A618-4AA6-BDDE-AA8EF2BFE83B}.Debug|Any CPU.Build.0 = Debug|Any CPU
		{A93D6CFB-A618-4AA6-BDDE-AA8EF2BFE83B}.Debug|ARM.ActiveCfg = Debug|Any CPU
		{A93D6CFB-A618-4AA6-BDDE-AA8EF2BFE83B}.Debug|x64.ActiveCfg = Debug|Any CPU
		{A93D6CFB-A618-4AA6-BDDE-AA8EF2BFE83B}.Debug|x86.ActiveCfg = Debug|Any CPU
		{A93D6CFB-A618-4AA6-BDDE-AA8EF2BFE83B}.Release|Any CPU.ActiveCfg = Release|Any CPU
		{A93D6CFB-A618-4AA6-BDDE-AA8EF2BFE83B}.Release|Any CPU.Build.0 = Release|Any CPU
		{A93D6CFB-A618-4AA6-BDDE-AA8EF2BFE83B}.Release|ARM.ActiveCfg = Release|Any CPU
		{A93D6CFB-A618-4AA6-BDDE-AA8EF2BFE83B}.Release|x64.ActiveCfg = Release|Any CPU
		{A93D6CFB-A618-4AA6-BDDE-AA8EF2BFE83B}.Release|x86.ActiveCfg = Release|Any CPU
		{B76E23CF-7FCB-4489-AE62-466F5E2D6579}.Debug Release|Any CPU.ActiveCfg = Release|Any CPU
		{B76E23CF-7FCB-4489-AE62-466F5E2D6579}.Debug Release|ARM.ActiveCfg = Release|ARM
		{B76E23CF-7FCB-4489-AE62-466F5E2D6579}.Debug Release|x64.ActiveCfg = Release|x64
		{B76E23CF-7FCB-4489-AE62-466F5E2D6579}.Debug Release|x86.ActiveCfg = Release|x86
		{B76E23CF-7FCB-4489-AE62-466F5E2D6579}.Debug|Any CPU.ActiveCfg = Debug|Any CPU
		{B76E23CF-7FCB-4489-AE62-466F5E2D6579}.Debug|Any CPU.Build.0 = Debug|Any CPU
		{B76E23CF-7FCB-4489-AE62-466F5E2D6579}.Debug|ARM.ActiveCfg = Debug|ARM
		{B76E23CF-7FCB-4489-AE62-466F5E2D6579}.Debug|ARM.Build.0 = Debug|ARM
		{B76E23CF-7FCB-4489-AE62-466F5E2D6579}.Debug|x64.ActiveCfg = Debug|x64
		{B76E23CF-7FCB-4489-AE62-466F5E2D6579}.Debug|x64.Build.0 = Debug|x64
		{B76E23CF-7FCB-4489-AE62-466F5E2D6579}.Debug|x86.ActiveCfg = Debug|x86
		{B76E23CF-7FCB-4489-AE62-466F5E2D6579}.Debug|x86.Build.0 = Debug|x86
		{B76E23CF-7FCB-4489-AE62-466F5E2D6579}.Release|Any CPU.ActiveCfg = Release|Any CPU
		{B76E23CF-7FCB-4489-AE62-466F5E2D6579}.Release|Any CPU.Build.0 = Release|Any CPU
		{B76E23CF-7FCB-4489-AE62-466F5E2D6579}.Release|ARM.ActiveCfg = Release|ARM
		{B76E23CF-7FCB-4489-AE62-466F5E2D6579}.Release|ARM.Build.0 = Release|ARM
		{B76E23CF-7FCB-4489-AE62-466F5E2D6579}.Release|x64.ActiveCfg = Release|x64
		{B76E23CF-7FCB-4489-AE62-466F5E2D6579}.Release|x64.Build.0 = Release|x64
		{B76E23CF-7FCB-4489-AE62-466F5E2D6579}.Release|x86.ActiveCfg = Release|x86
		{B76E23CF-7FCB-4489-AE62-466F5E2D6579}.Release|x86.Build.0 = Release|x86
		{E38C051E-889E-485B-B685-C692D2861E7B}.Debug Release|Any CPU.ActiveCfg = Release|Any CPU
		{E38C051E-889E-485B-B685-C692D2861E7B}.Debug Release|ARM.ActiveCfg = Release|Any CPU
		{E38C051E-889E-485B-B685-C692D2861E7B}.Debug Release|x64.ActiveCfg = Release|Any CPU
		{E38C051E-889E-485B-B685-C692D2861E7B}.Debug Release|x86.ActiveCfg = Release|Any CPU
		{E38C051E-889E-485B-B685-C692D2861E7B}.Debug|Any CPU.ActiveCfg = Debug|Any CPU
		{E38C051E-889E-485B-B685-C692D2861E7B}.Debug|Any CPU.Build.0 = Debug|Any CPU
		{E38C051E-889E-485B-B685-C692D2861E7B}.Debug|ARM.ActiveCfg = Debug|Any CPU
		{E38C051E-889E-485B-B685-C692D2861E7B}.Debug|x64.ActiveCfg = Debug|Any CPU
		{E38C051E-889E-485B-B685-C692D2861E7B}.Debug|x86.ActiveCfg = Debug|Any CPU
		{E38C051E-889E-485B-B685-C692D2861E7B}.Release|Any CPU.ActiveCfg = Release|Any CPU
		{E38C051E-889E-485B-B685-C692D2861E7B}.Release|Any CPU.Build.0 = Release|Any CPU
		{E38C051E-889E-485B-B685-C692D2861E7B}.Release|ARM.ActiveCfg = Release|Any CPU
		{E38C051E-889E-485B-B685-C692D2861E7B}.Release|x64.ActiveCfg = Release|Any CPU
		{E38C051E-889E-485B-B685-C692D2861E7B}.Release|x86.ActiveCfg = Release|Any CPU
		{A93D6CFB-A618-4AA6-BDDE-AA8EF2BFE83B}.Debug|Any CPU.Deploy.0 = Debug|Any CPU
		{A93D6CFB-A618-4AA6-BDDE-AA8EF2BFE83B}.Release|Any CPU.Deploy.0 = Release|Any CPU
		{2A9FCC57-1549-4329-A569-3FD429A14E71}.Debug|Any CPU.Deploy.0 = Debug|Any CPU
		{2A9FCC57-1549-4329-A569-3FD429A14E71}.Debug|ARM.Deploy.0 = Debug|ARM
		{2A9FCC57-1549-4329-A569-3FD429A14E71}.Debug|x64.Deploy.0 = Debug|x64
		{2A9FCC57-1549-4329-A569-3FD429A14E71}.Debug|x86.Deploy.0 = Debug|x86
		{2A9FCC57-1549-4329-A569-3FD429A14E71}.Release|Any CPU.Deploy.0 = Release|Any CPU
		{2A9FCC57-1549-4329-A569-3FD429A14E71}.Release|ARM.Deploy.0 = Release|ARM
		{2A9FCC57-1549-4329-A569-3FD429A14E71}.Release|x64.Deploy.0 = Release|x64
		{2A9FCC57-1549-4329-A569-3FD429A14E71}.Release|x86.Deploy.0 = Release|x86
	EndGlobalSection
	GlobalSection(NestedProjects) = preSolution
	EndGlobalSection
	GlobalSection(MonoDevelopProperties) = preSolution
		StartupItem = TestRunner.Silverlight\TestRunner.Silverlight.csproj
	EndGlobalSection
	GlobalSection(SolutionProperties) = preSolution
		HideSolutionNode = FALSE
	EndGlobalSection
EndGlobal
